
Microsoft Visual Studio Solution File, Format Version 12.00
# Visual Studio Version 17
VisualStudioVersion = 17.6.33815.320
MinimumVisualStudioVersion = 10.0.40219.1
Project("{FAE04EC0-301F-11D3-BF4B-00C04F79EFBC}") = "LineComparisonProgram", "LineComparisonProgram.csproj", "{853C9EEE-8F49-4400-A213-E9284B4F148F}"
EndProject
Global
	GlobalSection(SolutionConfigurationPlatforms) = preSolution
		Debug|Any CPU = Debug|Any CPU
		Release|Any CPU = Release|Any CPU
	EndGlobalSection
	GlobalSection(ProjectConfigurationPlatforms) = postSolution
		{853C9EEE-8F49-4400-A213-E9284B4F148F}.Debug|Any CPU.ActiveCfg = Debug|Any CPU
		{853C9EEE-8F49-4400-A213-E9284B4F148F}.Debug|Any CPU.Build.0 = Debug|Any CPU
		{853C9EEE-8F49-4400-A213-E9284B4F148F}.Release|Any CPU.ActiveCfg = Release|Any CPU
		{853C9EEE-8F49-4400-A213-E9284B4F148F}.Release|Any CPU.Build.0 = Release|Any CPU
	EndGlobalSection
	GlobalSection(SolutionProperties) = preSolution
		HideSolutionNode = FALSE
	EndGlobalSection
	GlobalSection(ExtensibilityGlobals) = postSolution
		SolutionGuid = {50AF815D-8ED4-4DD9-B4C8-EBBA9D678570}
	EndGlobalSection
EndGlobal
